
Microsoft Visual Studio Solution File, Format Version 12.00
# Visual Studio Version 17
VisualStudioVersion = 17.8.34511.84
MinimumVisualStudioVersion = 10.0.40219.1
Project("{FAE04EC0-301F-11D3-BF4B-00C04F79EFBC}") = "NewConsoleProject", "NewConsoleProject.csproj", "{C9925B3B-1FDA-4877-884E-B4D29DD32FB1}"
EndProject
Global
	GlobalSection(SolutionConfigurationPlatforms) = preSolution
		Debug|Any CPU = Debug|Any CPU
		Release|Any CPU = Release|Any CPU
	EndGlobalSection
	GlobalSection(ProjectConfigurationPlatforms) = postSolution
		{C9925B3B-1FDA-4877-884E-B4D29DD32FB1}.Debug|Any CPU.ActiveCfg = Debug|Any CPU
		{C9925B3B-1FDA-4877-884E-B4D29DD32FB1}.Debug|Any CPU.Build.0 = Debug|Any CPU
		{C9925B3B-1FDA-4877-884E-B4D29DD32FB1}.Release|Any CPU.ActiveCfg = Release|Any CPU
		{C9925B3B-1FDA-4877-884E-B4D29DD32FB1}.Release|Any CPU.Build.0 = Release|Any CPU
	EndGlobalSection
	GlobalSection(SolutionProperties) = preSolution
		HideSolutionNode = FALSE
	EndGlobalSection
	GlobalSection(ExtensibilityGlobals) = postSolution
		SolutionGuid = {F8EE0C78-463F-4A28-9540-3FCF39FCDEF5}
	EndGlobalSection
EndGlobal
